// !$*UTF8*$!
{
	archiveVersion = 1;
	classes = {
	};
	objectVersion = 46;
	objects = {

/* Begin PBXBuildFile section */
		020D93F71ECDD26900A0BE82 /* AppDelegate.swift in Sources */ = {isa = PBXBuildFile; fileRef = 020D93F61ECDD26900A0BE82 /* AppDelegate.swift */; };
		020D93F91ECDD26900A0BE82 /* ViewController.swift in Sources */ = {isa = PBXBuildFile; fileRef = 020D93F81ECDD26900A0BE82 /* ViewController.swift */; };
		020D93FC1ECDD26900A0BE82 /* Main.storyboard in Resources */ = {isa = PBXBuildFile; fileRef = 020D93FA1ECDD26900A0BE82 /* Main.storyboard */; };
		020D93FE1ECDD26900A0BE82 /* Assets.xcassets in Resources */ = {isa = PBXBuildFile; fileRef = 020D93FD1ECDD26900A0BE82 /* Assets.xcassets */; };
		020D94011ECDD26900A0BE82 /* LaunchScreen.storyboard in Resources */ = {isa = PBXBuildFile; fileRef = 020D93FF1ECDD26900A0BE82 /* LaunchScreen.storyboard */; };
		020D940C1ECDD83500A0BE82 /* Localizable.strings in Resources */ = {isa = PBXBuildFile; fileRef = 020D940E1ECDD83500A0BE82 /* Localizable.strings */; };
/* End PBXBuildFile section */

/* Begin PBXFileReference section */
		020D93F31ECDD26900A0BE82 /* HowlNotification.app */ = {isa = PBXFileReference; explicitFileType = wrapper.application; includeInIndex = 0; path = HowlNotification.app; sourceTree = BUILT_PRODUCTS_DIR; };
		020D93F61ECDD26900A0BE82 /* AppDelegate.swift */ = {isa = PBXFileReference; lastKnownFileType = sourcecode.swift; path = AppDelegate.swift; sourceTree = "<group>"; };
		020D93F81ECDD26900A0BE82 /* ViewController.swift */ = {isa = PBXFileReference; lastKnownFileType = sourcecode.swift; path = ViewController.swift; sourceTree = "<group>"; };
		020D93FB1ECDD26900A0BE82 /* Base */ = {isa = PBXFileReference; lastKnownFileType = file.storyboard; name = Base; path = Base.lproj/Main.storyboard; sourceTree = "<group>"; };
		020D93FD1ECDD26900A0BE82 /* Assets.xcassets */ = {isa = PBXFileReference; lastKnownFileType = folder.assetcatalog; path = Assets.xcassets; sourceTree = "<group>"; };
		020D94001ECDD26900A0BE82 /* Base */ = {isa = PBXFileReference; lastKnownFileType = file.storyboard; name = Base; path = Base.lproj/LaunchScreen.storyboard; sourceTree = "<group>"; };
		020D94021ECDD26900A0BE82 /* Info.plist */ = {isa = PBXFileReference; lastKnownFileType = text.plist.xml; path = Info.plist; sourceTree = "<group>"; };
		020D94081ECDD7C600A0BE82 /* ko */ = {isa = PBXFileReference; lastKnownFileType = text.plist.strings; name = ko; path = ko.lproj/Main.strings; sourceTree = "<group>"; };
		020D94091ECDD7C600A0BE82 /* ko */ = {isa = PBXFileReference; lastKnownFileType = text.plist.strings; name = ko; path = ko.lproj/LaunchScreen.strings; sourceTree = "<group>"; };
		020D940D1ECDD83500A0BE82 /* ko */ = {isa = PBXFileReference; lastKnownFileType = text.plist.strings; name = ko; path = ko.lproj/Localizable.strings; sourceTree = "<group>"; };
/* End PBXFileReference section */

/* Begin PBXFrameworksBuildPhase section */
		020D93F01ECDD26900A0BE82 /* Frameworks */ = {
			isa = PBXFrameworksBuildPhase;
			buildActionMask = 2147483647;
			files = (
			);
			runOnlyForDeploymentPostprocessing = 0;
		};
/* End PBXFrameworksBuildPhase section */

/* Begin PBXGroup section */
		020D93EA1ECDD26900A0BE82 = {
			isa = PBXGroup;
			children = (
				020D93F51ECDD26900A0BE82 /* HowlNotification */,
				020D93F41ECDD26900A0BE82 /* Products */,
			);
			sourceTree = "<group>";
		};
		020D93F41ECDD26900A0BE82 /* Products */ = {
			isa = PBXGroup;
			children = (
				020D93F31ECDD26900A0BE82 /* HowlNotification.app */,
			);
			name = Products;
			sourceTree = "<group>";
		};
		020D93F51ECDD26900A0BE82 /* HowlNotification */ = {
			isa = PBXGroup;
			children = (
				020D93F61ECDD26900A0BE82 /* AppDelegate.swift */,
				020D93F81ECDD26900A0BE82 /* ViewController.swift */,
				020D93FA1ECDD26900A0BE82 /* Main.storyboard */,
				020D93FD1ECDD26900A0BE82 /* Assets.xcassets */,
				020D93FF1ECDD26900A0BE82 /* LaunchScreen.storyboard */,
				020D94021ECDD26900A0BE82 /* Info.plist */,
				020D940E1ECDD83500A0BE82 /* Localizable.strings */,
			);
			path = HowlNotification;
			sourceTree = "<group>";
		};
/* End PBXGroup section */

/* Begin PBXNativeTarget section */
		020D93F21ECDD26900A0BE82 /* HowlNotification */ = {
			isa = PBXNativeTarget;
			buildConfigurationList = 020D94051ECDD26900A0BE82 /* Build configuration list for PBXNativeTarget "HowlNotification" */;
			buildPhases = (
				020D93EF1ECDD26900A0BE82 /* Sources */,
				020D93F01ECDD26900A0BE82 /* Frameworks */,
				020D93F11ECDD26900A0BE82 /* Resources */,
			);
			buildRules = (
			);
			dependencies = (
			);
			name = HowlNotification;
			productName = HowlNotification;
			productReference = 020D93F31ECDD26900A0BE82 /* HowlNotification.app */;
			productType = "com.apple.product-type.application";
		};
/* End PBXNativeTarget section */

/* Begin PBXProject section */
		020D93EB1ECDD26900A0BE82 /* Project object */ = {
			isa = PBXProject;
			attributes = {
				LastSwiftUpdateCheck = 0830;
				LastUpgradeCheck = 0830;
				ORGANIZATIONNAME = swift;
				TargetAttributes = {
					020D93F21ECDD26900A0BE82 = {
						CreatedOnToolsVersion = 8.3.2;
						ProvisioningStyle = Automatic;
					};
				};
			};
			buildConfigurationList = 020D93EE1ECDD26900A0BE82 /* Build configuration list for PBXProject "HowlNotification" */;
			compatibilityVersion = "Xcode 3.2";
			developmentRegion = English;
			hasScannedForEncodings = 0;
			knownRegions = (
				en,
				Base,
			);
			mainGroup = 020D93EA1ECDD26900A0BE82;
			productRefGroup = 020D93F41ECDD26900A0BE82 /* Products */;
			projectDirPath = "";
			projectRoot = "";
			targets = (
				020D93F21ECDD26900A0BE82 /* HowlNotification */,
			);
		};
/* End PBXProject section */

/* Begin PBXResourcesBuildPhase section */
		020D93F11ECDD26900A0BE82 /* Resources */ = {
			isa = PBXResourcesBuildPhase;
			buildActionMask = 2147483647;
			files = (
				020D94011ECDD26900A0BE82 /* LaunchScreen.storyboard in Resources */,
				020D940C1ECDD83500A0BE82 /* Localizable.strings in Resources */,
				020D93FE1ECDD26900A0BE82 /* Assets.xcassets in Resources */,
				020D93FC1ECDD26900A0BE82 /* Main.storyboard in Resources */,
			);
			runOnlyForDeploymentPostprocessing = 0;
		};
/* End PBXResourcesBuildPhase section */

/* Begin PBXSourcesBuildPhase section */
		020D93EF1ECDD26900A0BE82 /* Sources */ = {
			isa = PBXSourcesBuildPhase;
			buildActionMask = 2147483647;
			files = (
				020D93F91ECDD26900A0BE82 /* ViewController.swift in Sources */,
				020D93F71ECDD26900A0BE82 /* AppDelegate.swift in Sources */,
			);
			runOnlyForDeploymentPostprocessing = 0;
		};
/* End PBXSourcesBuildPhase section */

/* Begin PBXVariantGroup section */
		020D93FA1ECDD26900A0BE82 /* Main.storyboard */ = {
			isa = PBXVariantGroup;
			children = (
				020D93FB1ECDD26900A0BE82 /* Base */,
				020D94081ECDD7C600A0BE82 /* ko */,
			);
			name = Main.storyboard;
			sourceTree = "<group>";
		};
		020D93FF1ECDD26900A0BE82 /* LaunchScreen.storyboard */ = {
			isa = PBXVariantGroup;
			children = (
				020D94001ECDD26900A0BE82 /* Base */,
				020D94091ECDD7C600A0BE82 /* ko */,
			);
			name = LaunchScreen.storyboard;
			sourceTree = "<group>";
		};
		020D940E1ECDD83500A0BE82 /* Localizable.strings */ = {
			isa = PBXVariantGroup;
			children = (
				020D940D1ECDD83500A0BE82 /* ko */,
			);
			name = Localizable.strings;
			sourceTree = "<group>";
		};
/* End PBXVariantGroup section */

/* Begin XCBuildConfiguration section */
		020D94031ECDD26900A0BE82 /* Debug */ = {
			isa = XCBuildConfiguration;
			buildSettings = {
				ALWAYS_SEARCH_USER_PATHS = NO;
				CLANG_ANALYZER_LOCALIZABILITY_NONLOCALIZED = YES;
				CLANG_ANALYZER_NONNULL = YES;
				CLANG_ANALYZER_NUMBER_OBJECT_CONVERSION = YES_AGGRESSIVE;
				CLANG_CXX_LANGUAGE_STANDARD = "gnu++0x";
				CLANG_CXX_LIBRARY = "libc++";
				CLANG_ENABLE_MODULES = YES;
				CLANG_ENABLE_OBJC_ARC = YES;
				CLANG_WARN_BOOL_CONVERSION = YES;
				CLANG_WARN_CONSTANT_CONVERSION = YES;
				CLANG_WARN_DIRECT_OBJC_ISA_USAGE = YES_ERROR;
				CLANG_WARN_DOCUMENTATION_COMMENTS = YES;
				CLANG_WARN_EMPTY_BODY = YES;
				CLANG_WARN_ENUM_CONVERSION = YES;
				CLANG_WARN_INFINITE_RECURSION = YES;
				CLANG_WARN_INT_CONVERSION = YES;
				CLANG_WARN_OBJC_ROOT_CLASS = YES_ERROR;
				CLANG_WARN_SUSPICIOUS_MOVE = YES;
				CLANG_WARN_UNREACHABLE_CODE = YES;
				CLANG_WARN__DUPLICATE_METHOD_MATCH = YES;
				"CODE_SIGN_IDENTITY[sdk=iphoneos*]" = "iPhone Developer";
				COPY_PHASE_STRIP = NO;
				DEBUG_INFORMATION_FORMAT = dwarf;
				ENABLE_STRICT_OBJC_MSGSEND = YES;
				ENABLE_TESTABILITY = YES;
				GCC_C_LANGUAGE_STANDARD = gnu99;
				GCC_DYNAMIC_NO_PIC = NO;
				GCC_NO_COMMON_BLOCKS = YES;
				GCC_OPTIMIZATION_LEVEL = 0;
				GCC_PREPROCESSOR_DEFINITIONS = (
					"DEBUG=1",
					"$(inherited)",
				);
				GCC_WARN_64_TO_32_BIT_CONVERSION = YES;
				GCC_WARN_ABOUT_RETURN_TYPE = YES_ERROR;
				GCC_WARN_UNDECLARED_SELECTOR = YES;
				GCC_WARN_UNINITIALIZED_AUTOS = YES_AGGRESSIVE;
				GCC_WARN_UNUSED_FUNCTION = YES;
				GCC_WARN_UNUSED_VARIABLE = YES;
				IPHONEOS_DEPLOYMENT_TARGET = 10.3;
				MTL_ENABLE_DEBUG_INFO = YES;
				ONLY_ACTIVE_ARCH = YES;
				SDKROOT = iphoneos;
				SWIFT_ACTIVE_COMPILATION_CONDITIONS = DEBUG;
				SWIFT_OPTIMIZATION_LEVEL = "-Onone";
			};
			name = Debug;
		};
		020D94041ECDD26900A0BE82 /* Release */ = {
			isa = XCBuildConfiguration;
			buildSettings = {
				ALWAYS_SEARCH_USER_PATHS = NO;
				CLANG_ANALYZER_LOCALIZABILITY_NONLOCALIZED = YES;
				CLANG_ANALYZER_NONNULL = YES;
				CLANG_ANALYZER_NUMBER_OBJECT_CONVERSION = YES_AGGRESSIVE;
				CLANG_CXX_LANGUAGE_STANDARD = "gnu++0x";
				CLANG_CXX_LIBRARY = "libc++";
				CLANG_ENABLE_MODULES = YES;
				CLANG_ENABLE_OBJC_ARC = YES;
				CLANG_WARN_BOOL_CONVERSION = YES;
				CLANG_WARN_CONSTANT_CONVERSION = YES;
				CLANG_WARN_DIRECT_OBJC_ISA_USAGE = YES_ERROR;
				CLANG_WARN_DOCUMENTATION_COMMENTS = YES;
				CLANG_WARN_EMPTY_BODY = YES;
				CLANG_WARN_ENUM_CONVERSION = YES;
				CLANG_WARN_INFINITE_RECURSION = YES;
				CLANG_WARN_INT_CONVERSION = YES;
				CLANG_WARN_OBJC_ROOT_CLASS = YES_ERROR;
				CLANG_WARN_SUSPICIOUS_MOVE = YES;
				CLANG_WARN_UNREACHABLE_CODE = YES;
				CLANG_WARN__DUPLICATE_METHOD_MATCH = YES;
				"CODE_SIGN_IDENTITY[sdk=iphoneos*]" = "iPhone Developer";
				COPY_PHASE_STRIP = NO;
				DEBUG_INFORMATION_FORMAT = "dwarf-with-dsym";
				ENABLE_NS_ASSERTIONS = NO;
				ENABLE_STRICT_OBJC_MSGSEND = YES;
				GCC_C_LANGUAGE_STANDARD = gnu99;
				GCC_NO_COMMON_BLOCKS = YES;
				GCC_WARN_64_TO_32_BIT_CONVERSION = YES;
				GCC_WARN_ABOUT_RETURN_TYPE = YES_ERROR;
				GCC_WARN_UNDECLARED_SELECTOR = YES;
				GCC_WARN_UNINITIALIZED_AUTOS = YES_AGGRESSIVE;
				GCC_WARN_UNUSED_FUNCTION = YES;
				GCC_WARN_UNUSED_VARIABLE = YES;
				IPHONEOS_DEPLOYMENT_TARGET = 10.3;
				MTL_ENABLE_DEBUG_INFO = NO;
				SDKROOT = iphoneos;
				SWIFT_OPTIMIZATION_LEVEL = "-Owholemodule";
				VALIDATE_PRODUCT = YES;
			};
			name = Release;
		};
		020D94061ECDD26900A0BE82 /* Debug */ = {
			isa = XCBuildConfiguration;
			buildSettings = {
				ASSETCATALOG_COMPILER_APPICON_NAME = AppIcon;
				INFOPLIST_FILE = HowlNotification/Info.plist;
				LD_RUNPATH_SEARCH_PATHS = "$(inherited) @executable_path/Frameworks";
				PRODUCT_BUNDLE_IDENTIFIER = com.swift.HowlNotification;
				PRODUCT_NAME = "$(TARGET_NAME)";
				SWIFT_VERSION = 3.0;
			};
			name = Debug;
		};
		020D94071ECDD26900A0BE82 /* Release */ = {
			isa = XCBuildConfiguration;
			buildSettings = {
				ASSETCATALOG_COMPILER_APPICON_NAME = AppIcon;
				INFOPLIST_FILE = HowlNotification/Info.plist;
				LD_RUNPATH_SEARCH_PATHS = "$(inherited) @executable_path/Frameworks";
				PRODUCT_BUNDLE_IDENTIFIER = com.swift.HowlNotification;
				PRODUCT_NAME = "$(TARGET_NAME)";
				SWIFT_VERSION = 3.0;
			};
			name = Release;
		};
/* End XCBuildConfiguration section */

/* Begin XCConfigurationList section */
		020D93EE1ECDD26900A0BE82 /* Build configuration list for PBXProject "HowlNotification" */ = {
			isa = XCConfigurationList;
			buildConfigurations = (
				020D94031ECDD26900A0BE82 /* Debug */,
				020D94041ECDD26900A0BE82 /* Release */,
			);
			defaultConfigurationIsVisible = 0;
			defaultConfigurationName = Release;
		};
		020D94051ECDD26900A0BE82 /* Build configuration list for PBXNativeTarget "HowlNotification" */ = {
			isa = XCConfigurationList;
			buildConfigurations = (
				020D94061ECDD26900A0BE82 /* Debug */,
				020D94071ECDD26900A0BE82 /* Release */,
			);
			defaultConfigurationIsVisible = 0;
		};
/* End XCConfigurationList section */
	};
	rootObject = 020D93EB1ECDD26900A0BE82 /* Project object */;
}
